{
  "nodes": {
    "booktheme": {
      "flake": false,
      "locked": {
        "lastModified": 1741979577,
        "narHash": "sha256-SECuhWk5pDEgERURb78QrzSyKINV62fLXladfPA5q9w=",
        "owner": "getzola",
        "repo": "book",
        "rev": "4ee06ce568e1c9f6d19f53bf521fb267603bc6c4",
        "type": "github"
      },
      "original": {
        "owner": "getzola",
        "repo": "book",
        "type": "github"
      }
    },
    "godot_src": {
      "flake": false,
      "locked": {
        "lastModified": 1761246163,
        "narHash": "sha256-AEX9c4DL/PLNNeY5ER6EL6Tq05TNxKzn3n/s85l15R0=",
        "owner": "itepastra",
        "repo": "godot",
        "rev": "16220121baaf44ca31347b6a6cd302c22d40a18e",
        "type": "github"
      },
      "original": {
        "owner": "itepastra",
        "repo": "godot",
        "type": "github"
      }
    },
    "nixpkgs": {
      "locked": {
        "lastModified": 1760596604,
        "narHash": "sha256-J/i5K6AAz/y5dBePHQOuzC7MbhyTOKsd/GLezSbEFiM=",
        "owner": "nixos",
        "repo": "nixpkgs",
        "rev": "3cbe716e2346710d6e1f7c559363d14e11c32a43",
        "type": "github"
      },
      "original": {
        "owner": "nixos",
        "ref": "nixpkgs-unstable",
        "repo": "nixpkgs",
        "type": "github"
      }
    },
    "root": {
      "inputs": {
        "booktheme": "booktheme",
        "godot_src": "godot_src",
        "nixpkgs": "nixpkgs"
      }
    }
  },
  "root": "root",
  "version": 7
}
