{
  "nodes": {
    "booktheme": {
      "flake": false,
      "locked": {
        "lastModified": 1741979577,
        "narHash": "sha256-SECuhWk5pDEgERURb78QrzSyKINV62fLXladfPA5q9w=",
        "owner": "getzola",
        "repo": "book",
        "rev": "4ee06ce568e1c9f6d19f53bf521fb267603bc6c4",
        "type": "github"
      },
      "original": {
        "owner": "getzola",
        "repo": "book",
        "type": "github"
      }
    },
    "godot_src": {
      "flake": false,
      "locked": {
        "lastModified": 1761917384,
        "narHash": "sha256-oheBvDc8me+MqinCdyyNIH3SUp+QACIQucuO+qfHLzk=",
        "owner": "itepastra",
        "repo": "godot",
        "rev": "e9f564645883e712f30e99082dd41085f57f7b03",
        "type": "github"
      },
      "original": {
        "owner": "itepastra",
        "repo": "godot",
        "type": "github"
      }
    },
    "nixpkgs": {
      "locked": {
        "lastModified": 1761880412,
        "narHash": "sha256-QoJjGd4NstnyOG4mm4KXF+weBzA2AH/7gn1Pmpfcb0A=",
        "owner": "nixos",
        "repo": "nixpkgs",
        "rev": "a7fc11be66bdfb5cdde611ee5ce381c183da8386",
        "type": "github"
      },
      "original": {
        "owner": "nixos",
        "ref": "nixpkgs-unstable",
        "repo": "nixpkgs",
        "type": "github"
      }
    },
    "root": {
      "inputs": {
        "booktheme": "booktheme",
        "godot_src": "godot_src",
        "nixpkgs": "nixpkgs"
      }
    }
  },
  "root": "root",
  "version": 7
}
