{
  "nodes": {
    "booktheme": {
      "flake": false,
      "locked": {
        "lastModified": 1741979577,
        "narHash": "sha256-SECuhWk5pDEgERURb78QrzSyKINV62fLXladfPA5q9w=",
        "owner": "getzola",
        "repo": "book",
        "rev": "4ee06ce568e1c9f6d19f53bf521fb267603bc6c4",
        "type": "github"
      },
      "original": {
        "owner": "getzola",
        "repo": "book",
        "type": "github"
      }
    },
    "godot_src": {
      "flake": false,
      "locked": {
        "lastModified": 1758561194,
        "narHash": "sha256-WqdyMusfnyjRrZTeSwTY85lL5Uqg4j3KkE71epZavxU=",
        "owner": "itepastra",
        "repo": "godot",
        "rev": "2ee8451f975c4f49f95bb67bba4b2fc5809809a3",
        "type": "github"
      },
      "original": {
        "owner": "itepastra",
        "repo": "godot",
        "type": "github"
      }
    },
    "nixpkgs": {
      "locked": {
        "lastModified": 1758262103,
        "narHash": "sha256-aBGl3XEOsjWw6W3AHiKibN7FeoG73dutQQEqnd/etR8=",
        "owner": "nixos",
        "repo": "nixpkgs",
        "rev": "12bd230118a1901a4a5d393f9f56b6ad7e571d01",
        "type": "github"
      },
      "original": {
        "owner": "nixos",
        "ref": "nixpkgs-unstable",
        "repo": "nixpkgs",
        "type": "github"
      }
    },
    "root": {
      "inputs": {
        "booktheme": "booktheme",
        "godot_src": "godot_src",
        "nixpkgs": "nixpkgs"
      }
    }
  },
  "root": "root",
  "version": 7
}
